
Microsoft Visual Studio Solution File, Format Version 12.00
# Visual Studio Version 17
VisualStudioVersion = 17.3.32929.385
MinimumVisualStudioVersion = 10.0.40219.1
Project("{FAE04EC0-301F-11D3-BF4B-00C04F79EFBC}") = "MAU-Csharp-lab3", "MAU-Csharp-lab3\MAU-Csharp-lab3.csproj", "{7E5B2A6E-DDD9-411A-8B55-58B925638609}"
EndProject
Global
	GlobalSection(SolutionConfigurationPlatforms) = preSolution
		Debug|Any CPU = Debug|Any CPU
		Release|Any CPU = Release|Any CPU
	EndGlobalSection
	GlobalSection(ProjectConfigurationPlatforms) = postSolution
		{7E5B2A6E-DDD9-411A-8B55-58B925638609}.Debug|Any CPU.ActiveCfg = Debug|Any CPU
		{7E5B2A6E-DDD9-411A-8B55-58B925638609}.Debug|Any CPU.Build.0 = Debug|Any CPU
		{7E5B2A6E-DDD9-411A-8B55-58B925638609}.Release|Any CPU.ActiveCfg = Release|Any CPU
		{7E5B2A6E-DDD9-411A-8B55-58B925638609}.Release|Any CPU.Build.0 = Release|Any CPU
	EndGlobalSection
	GlobalSection(SolutionProperties) = preSolution
		HideSolutionNode = FALSE
	EndGlobalSection
	GlobalSection(ExtensibilityGlobals) = postSolution
		SolutionGuid = {319498C5-8652-4626-96FE-9F0DE7ACB434}
	EndGlobalSection
EndGlobal
